<?xml version="1.0" encoding="utf-8"?>
<Project ToolsVersion="4.0" xmlns="http://schemas.microsoft.com/developer/msbuild/2003">
  <ItemGroup>
    <Filter Include="소스 파일">
      <UniqueIdentifier>{4FC737F1-C7A5-4376-A066-2A32D752A2FF}</UniqueIdentifier>
      <Extensions>cpp;c;cc;cxx;c++;cppm;ixx;def;odl;idl;hpj;bat;asm;asmx</Extensions>
    </Filter>
    <Filter Include="헤더 파일">
      <UniqueIdentifier>{93995380-89BD-4b04-88EB-625FBE52EBFB}</UniqueIdentifier>
      <Extensions>h;hh;hpp;hxx;h++;hm;inl;inc;ipp;xsd</Extensions>
    </Filter>
    <Filter Include="리소스 파일">
      <UniqueIdentifier>{67DA6AB6-F800-4c08-8B7A-83BB121AAD01}</UniqueIdentifier>
      <Extensions>rc;ico;cur;bmp;dlg;rc2;rct;bin;rgs;gif;jpg;jpeg;jpe;resx;tiff;tif;png;wav;mfcribbon-ms</Extensions>
    </Filter>
    <Filter Include="_GlobalDefine">
      <UniqueIdentifier>{f5cb7ef3-a861-4815-b040-2a89c9b297c4}</UniqueIdentifier>
    </Filter>
  </ItemGroup>
  <ItemGroup>
    <ClInclude Include="VHMOFInsp.h">
      <Filter>헤더 파일</Filter>
    </ClInclude>
    <ClInclude Include="VHMOFInspDlg.h">
      <Filter>헤더 파일</Filter>
    </ClInclude>
    <ClInclude Include="framework.h">
      <Filter>헤더 파일</Filter>
    </ClInclude>
    <ClInclude Include="targetver.h">
      <Filter>헤더 파일</Filter>
    </ClInclude>
    <ClInclude Include="Resource.h">
      <Filter>헤더 파일</Filter>
    </ClInclude>
    <ClInclude Include="pch.h">
      <Filter>헤더 파일</Filter>
    </ClInclude>
    <ClInclude Include="IniProfileAPI.h">
      <Filter>헤더 파일</Filter>
    </ClInclude>
    <ClInclude Include="_GlobalDefine.h">
      <Filter>_GlobalDefine</Filter>
    </ClInclude>
    <ClInclude Include="CUserID.h">
      <Filter>헤더 파일</Filter>
    </ClInclude>
    <ClInclude Include="CMessageError.h">
      <Filter>헤더 파일</Filter>
    </ClInclude>
    <ClInclude Include="Struct.h">
      <Filter>헤더 파일</Filter>
    </ClInclude>
    <ClInclude Include="GradientStatic.h">
      <Filter>헤더 파일</Filter>
    </ClInclude>
    <ClInclude Include="CModelInfo.h">
      <Filter>헤더 파일</Filter>
    </ClInclude>
    <ClInclude Include="CModelInfoFusing.h">
      <Filter>헤더 파일</Filter>
    </ClInclude>
    <ClInclude Include="CModelInfoData.h">
      <Filter>헤더 파일</Filter>
    </ClInclude>
    <ClInclude Include="XTabCtrl.h">
      <Filter>헤더 파일</Filter>
    </ClInclude>
    <ClInclude Include="CModelChange.h">
      <Filter>헤더 파일</Filter>
    </ClInclude>
    <ClInclude Include="PatternView.h">
      <Filter>헤더 파일</Filter>
    </ClInclude>
    <ClInclude Include="T2CmdGen.h">
      <Filter>헤더 파일</Filter>
    </ClInclude>
    <ClInclude Include="CInitialize.h">
      <Filter>헤더 파일</Filter>
    </ClInclude>
    <ClInclude Include="CommApi.h">
      <Filter>헤더 파일</Filter>
    </ClInclude>
    <ClInclude Include="SocketTCP.h">
      <Filter>헤더 파일</Filter>
    </ClInclude>
    <ClInclude Include="SocketTCPApp.h">
      <Filter>헤더 파일</Filter>
    </ClInclude>
    <ClInclude Include="SocketUDP.h">
      <Filter>헤더 파일</Filter>
    </ClInclude>
    <ClInclude Include="CTestReady.h">
      <Filter>헤더 파일</Filter>
    </ClInclude>
    <ClInclude Include="CTestPattern.h">
      <Filter>헤더 파일</Filter>
    </ClInclude>
    <ClInclude Include="CSystem.h">
      <Filter>헤더 파일</Filter>
    </ClInclude>
    <ClInclude Include="CPassword.h">
      <Filter>헤더 파일</Filter>
    </ClInclude>
    <ClInclude Include="CMaintenance.h">
      <Filter>헤더 파일</Filter>
    </ClInclude>
    <ClInclude Include="CAutoFirmware.h">
      <Filter>헤더 파일</Filter>
    </ClInclude>
    <ClInclude Include="CIMNetCommApp.h">
      <Filter>헤더 파일</Filter>
    </ClInclude>
    <ClInclude Include="CMessageQuestion.h">
      <Filter>헤더 파일</Filter>
    </ClInclude>
    <ClInclude Include="CMaintenancePG.h">
      <Filter>헤더 파일</Filter>
    </ClInclude>
    <ClInclude Include="CMaintenanceDIO.h">
      <Filter>헤더 파일</Filter>
    </ClInclude>
    <ClInclude Include="CPanelID.h">
      <Filter>헤더 파일</Filter>
    </ClInclude>
    <ClInclude Include="CDefectResult.h">
      <Filter>헤더 파일</Filter>
    </ClInclude>
    <ClInclude Include="CSafetyLock.h">
      <Filter>헤더 파일</Filter>
    </ClInclude>
    <ClInclude Include="MelsecnetG.h">
      <Filter>헤더 파일</Filter>
    </ClInclude>
    <ClInclude Include="CSensorView.h">
      <Filter>헤더 파일</Filter>
    </ClInclude>
    <ClInclude Include="CErrorList.h">
      <Filter>헤더 파일</Filter>
    </ClInclude>
    <ClInclude Include="CIOReadyCheck.h">
      <Filter>헤더 파일</Filter>
    </ClInclude>
    <ClInclude Include="ModuleECS.h">
      <Filter>헤더 파일</Filter>
    </ClInclude>
  </ItemGroup>
  <ItemGroup>
    <ClCompile Include="VHMOFInsp.cpp">
      <Filter>소스 파일</Filter>
    </ClCompile>
    <ClCompile Include="VHMOFInspDlg.cpp">
      <Filter>소스 파일</Filter>
    </ClCompile>
    <ClCompile Include="pch.cpp">
      <Filter>소스 파일</Filter>
    </ClCompile>
    <ClCompile Include="IniProfileAPI.cpp">
      <Filter>소스 파일</Filter>
    </ClCompile>
    <ClCompile Include="CUserID.cpp">
      <Filter>소스 파일</Filter>
    </ClCompile>
    <ClCompile Include="CMessageError.cpp">
      <Filter>소스 파일</Filter>
    </ClCompile>
    <ClCompile Include="GradientStatic.cpp">
      <Filter>소스 파일</Filter>
    </ClCompile>
    <ClCompile Include="CModelInfo.cpp">
      <Filter>소스 파일</Filter>
    </ClCompile>
    <ClCompile Include="CModelInfoFusing.cpp">
      <Filter>소스 파일</Filter>
    </ClCompile>
    <ClCompile Include="CModelInfoData.cpp">
      <Filter>소스 파일</Filter>
    </ClCompile>
    <ClCompile Include="XTabCtrl.cpp">
      <Filter>소스 파일</Filter>
    </ClCompile>
    <ClCompile Include="CModelChange.cpp">
      <Filter>소스 파일</Filter>
    </ClCompile>
    <ClCompile Include="PatternView.cpp">
      <Filter>소스 파일</Filter>
    </ClCompile>
    <ClCompile Include="T2CmdGen.cpp">
      <Filter>소스 파일</Filter>
    </ClCompile>
    <ClCompile Include="CInitialize.cpp">
      <Filter>소스 파일</Filter>
    </ClCompile>
    <ClCompile Include="CommApi.cpp">
      <Filter>소스 파일</Filter>
    </ClCompile>
    <ClCompile Include="SocketTCP.cpp">
      <Filter>소스 파일</Filter>
    </ClCompile>
    <ClCompile Include="SocketTCPApp.cpp">
      <Filter>소스 파일</Filter>
    </ClCompile>
    <ClCompile Include="SocketUDP.cpp">
      <Filter>소스 파일</Filter>
    </ClCompile>
    <ClCompile Include="CTestReady.cpp">
      <Filter>소스 파일</Filter>
    </ClCompile>
    <ClCompile Include="CTestPattern.cpp">
      <Filter>소스 파일</Filter>
    </ClCompile>
    <ClCompile Include="CSystem.cpp">
      <Filter>소스 파일</Filter>
    </ClCompile>
    <ClCompile Include="CPassword.cpp">
      <Filter>소스 파일</Filter>
    </ClCompile>
    <ClCompile Include="CMaintenance.cpp">
      <Filter>소스 파일</Filter>
    </ClCompile>
    <ClCompile Include="CAutoFirmware.cpp">
      <Filter>소스 파일</Filter>
    </ClCompile>
    <ClCompile Include="CIMNetCommApp.cpp">
      <Filter>소스 파일</Filter>
    </ClCompile>
    <ClCompile Include="CMessageQuestion.cpp">
      <Filter>소스 파일</Filter>
    </ClCompile>
    <ClCompile Include="CMaintenancePG.cpp">
      <Filter>소스 파일</Filter>
    </ClCompile>
    <ClCompile Include="CMaintenanceDIO.cpp">
      <Filter>소스 파일</Filter>
    </ClCompile>
    <ClCompile Include="CPanelID.cpp">
      <Filter>소스 파일</Filter>
    </ClCompile>
    <ClCompile Include="CDefectResult.cpp">
      <Filter>소스 파일</Filter>
    </ClCompile>
    <ClCompile Include="CSafetyLock.cpp">
      <Filter>소스 파일</Filter>
    </ClCompile>
    <ClCompile Include="MelsecnetG.cpp">
      <Filter>소스 파일</Filter>
    </ClCompile>
    <ClCompile Include="CSensorView.cpp">
      <Filter>소스 파일</Filter>
    </ClCompile>
    <ClCompile Include="CErrorList.cpp">
      <Filter>소스 파일</Filter>
    </ClCompile>
    <ClCompile Include="CIOReadyCheck.cpp">
      <Filter>소스 파일</Filter>
    </ClCompile>
    <ClCompile Include="ModuleECS.cpp">
      <Filter>소스 파일</Filter>
    </ClCompile>
  </ItemGroup>
  <ItemGroup>
    <ResourceCompile Include="VHMOFInsp.rc">
      <Filter>리소스 파일</Filter>
    </ResourceCompile>
  </ItemGroup>
  <ItemGroup>
    <None Include="res\VHMOFInsp.rc2">
      <Filter>리소스 파일</Filter>
    </None>
  </ItemGroup>
  <ItemGroup>
    <Image Include="res\VHMOFInsp.ico">
      <Filter>리소스 파일</Filter>
    </Image>
    <Image Include="res\bitmap1.bmp">
      <Filter>리소스 파일</Filter>
    </Image>
    <Image Include="res\bitmap2.bmp">
      <Filter>리소스 파일</Filter>
    </Image>
    <Image Include="res\bmp00001.bmp">
      <Filter>리소스 파일</Filter>
    </Image>
    <Image Include="res\bmp00002.bmp">
      <Filter>리소스 파일</Filter>
    </Image>
    <Image Include="res\bmp00003.bmp">
      <Filter>리소스 파일</Filter>
    </Image>
    <Image Include="res\bmp00004.bmp">
      <Filter>리소스 파일</Filter>
    </Image>
    <Image Include="res\bmp00005.bmp">
      <Filter>리소스 파일</Filter>
    </Image>
    <Image Include="res\bmp00006.bmp">
      <Filter>리소스 파일</Filter>
    </Image>
    <Image Include="res\bmp00007.bmp">
      <Filter>리소스 파일</Filter>
    </Image>
    <Image Include="res\bmp00008.bmp">
      <Filter>리소스 파일</Filter>
    </Image>
    <Image Include="res\icon1.ico">
      <Filter>리소스 파일</Filter>
    </Image>
    <Image Include="res\icon2.ico">
      <Filter>리소스 파일</Filter>
    </Image>
    <Image Include="res\ico00001.ico">
      <Filter>리소스 파일</Filter>
    </Image>
    <Image Include="res\bmp00009.bmp">
      <Filter>리소스 파일</Filter>
    </Image>
    <Image Include="res\bmp00010.bmp">
      <Filter>리소스 파일</Filter>
    </Image>
    <Image Include="res\ico00002.ico">
      <Filter>리소스 파일</Filter>
    </Image>
    <Image Include="res\ico00003.ico">
      <Filter>리소스 파일</Filter>
    </Image>
    <Image Include="res\bmp00011.bmp">
      <Filter>리소스 파일</Filter>
    </Image>
    <Image Include="res\bmp00012.bmp">
      <Filter>리소스 파일</Filter>
    </Image>
    <Image Include="res\bmp00013.bmp">
      <Filter>리소스 파일</Filter>
    </Image>
  </ItemGroup>
</Project>